
Microsoft Visual Studio Solution File, Format Version 12.00
# Visual Studio Version 17
VisualStudioVersion = 17.6.33723.286
MinimumVisualStudioVersion = 10.0.40219.1
Project("{9A19103F-16F7-4668-BE54-9A1E7A4F7556}") = "NotasAPI", "NotasAPI\NotasAPI.csproj", "{6C42BB6F-217D-4364-B435-AC31C63A567E}"
EndProject
Project("{FAE04EC0-301F-11D3-BF4B-00C04F79EFBC}") = "Model", "Model\Model.csproj", "{D80E7C2B-6A86-44D2-9C6F-FE2F3DC98CEA}"
EndProject
Project("{FAE04EC0-301F-11D3-BF4B-00C04F79EFBC}") = "Service", "Service\Service.csproj", "{7960FB6D-8D20-4097-8439-B1E0BB6F5012}"
EndProject
Global
	GlobalSection(SolutionConfigurationPlatforms) = preSolution
		Debug|Any CPU = Debug|Any CPU
		Release|Any CPU = Release|Any CPU
	EndGlobalSection
	GlobalSection(ProjectConfigurationPlatforms) = postSolution
		{6C42BB6F-217D-4364-B435-AC31C63A567E}.Debug|Any CPU.ActiveCfg = Debug|Any CPU
		{6C42BB6F-217D-4364-B435-AC31C63A567E}.Debug|Any CPU.Build.0 = Debug|Any CPU
		{6C42BB6F-217D-4364-B435-AC31C63A567E}.Release|Any CPU.ActiveCfg = Release|Any CPU
		{6C42BB6F-217D-4364-B435-AC31C63A567E}.Release|Any CPU.Build.0 = Release|Any CPU
		{D80E7C2B-6A86-44D2-9C6F-FE2F3DC98CEA}.Debug|Any CPU.ActiveCfg = Debug|Any CPU
		{D80E7C2B-6A86-44D2-9C6F-FE2F3DC98CEA}.Debug|Any CPU.Build.0 = Debug|Any CPU
		{D80E7C2B-6A86-44D2-9C6F-FE2F3DC98CEA}.Release|Any CPU.ActiveCfg = Release|Any CPU
		{D80E7C2B-6A86-44D2-9C6F-FE2F3DC98CEA}.Release|Any CPU.Build.0 = Release|Any CPU
		{7960FB6D-8D20-4097-8439-B1E0BB6F5012}.Debug|Any CPU.ActiveCfg = Debug|Any CPU
		{7960FB6D-8D20-4097-8439-B1E0BB6F5012}.Debug|Any CPU.Build.0 = Debug|Any CPU
		{7960FB6D-8D20-4097-8439-B1E0BB6F5012}.Release|Any CPU.ActiveCfg = Release|Any CPU
		{7960FB6D-8D20-4097-8439-B1E0BB6F5012}.Release|Any CPU.Build.0 = Release|Any CPU
	EndGlobalSection
	GlobalSection(SolutionProperties) = preSolution
		HideSolutionNode = FALSE
	EndGlobalSection
	GlobalSection(ExtensibilityGlobals) = postSolution
		SolutionGuid = {E15B437F-E59D-4BFF-A204-9CEB96AA0D32}
	EndGlobalSection
EndGlobal
